// !$*UTF8*$!
{
	archiveVersion = 1;
	classes = {
	};
	objectVersion = 46;
	objects = {

/* Begin PBXBuildFile section */
		FEB1FF911A276FE800BF29EA /* main.m in Sources */ = {isa = PBXBuildFile; fileRef = FEB1FF901A276FE800BF29EA /* main.m */; };
		FEB1FF941A276FE800BF29EA /* AppDelegate.m in Sources */ = {isa = PBXBuildFile; fileRef = FEB1FF931A276FE800BF29EA /* AppDelegate.m */; };
		FEB1FF971A276FE800BF29EA /* WebSocketTest.xcdatamodeld in Sources */ = {isa = PBXBuildFile; fileRef = FEB1FF951A276FE800BF29EA /* WebSocketTest.xcdatamodeld */; };
		FEB1FF9A1A276FE800BF29EA /* ViewController.m in Sources */ = {isa = PBXBuildFile; fileRef = FEB1FF991A276FE800BF29EA /* ViewController.m */; };
		FEB1FF9D1A276FE800BF29EA /* Main.storyboard in Resources */ = {isa = PBXBuildFile; fileRef = FEB1FF9B1A276FE800BF29EA /* Main.storyboard */; };
		FEB1FF9F1A276FE800BF29EA /* Images.xcassets in Resources */ = {isa = PBXBuildFile; fileRef = FEB1FF9E1A276FE800BF29EA /* Images.xcassets */; };
		FEB1FFA21A276FE800BF29EA /* LaunchScreen.xib in Resources */ = {isa = PBXBuildFile; fileRef = FEB1FFA01A276FE800BF29EA /* LaunchScreen.xib */; };
		FEB1FFAE1A276FE900BF29EA /* WebSocketTestTests.m in Sources */ = {isa = PBXBuildFile; fileRef = FEB1FFAD1A276FE900BF29EA /* WebSocketTestTests.m */; };
		FEB1FFB81A276FF900BF29EA /* CFNetwork.framework in Frameworks */ = {isa = PBXBuildFile; fileRef = FEB1FFB71A276FF900BF29EA /* CFNetwork.framework */; };
		FEB1FFBB1A2770A300BF29EA /* KGWebSocket.framework in Frameworks */ = {isa = PBXBuildFile; fileRef = FEB1FFBA1A2770A300BF29EA /* KGWebSocket.framework */; };
		FEB1FFBE1A2773E400BF29EA /* DataManager.m in Sources */ = {isa = PBXBuildFile; fileRef = FEB1FFBD1A2773E400BF29EA /* DataManager.m */; };
		FEB1FFC11A27753C00BF29EA /* Packet.m in Sources */ = {isa = PBXBuildFile; fileRef = FEB1FFC01A27753C00BF29EA /* Packet.m */; };
		FEB1FFC51A277CC100BF29EA /* TableViewController.m in Sources */ = {isa = PBXBuildFile; fileRef = FEB1FFC41A277CC100BF29EA /* TableViewController.m */; };
		FEB1FFC81A27947D00BF29EA /* TextViewController.m in Sources */ = {isa = PBXBuildFile; fileRef = FEB1FFC71A27947D00BF29EA /* TextViewController.m */; };
/* End PBXBuildFile section */

/* Begin PBXContainerItemProxy section */
		FEB1FFA81A276FE900BF29EA /* PBXContainerItemProxy */ = {
			isa = PBXContainerItemProxy;
			containerPortal = FEB1FF831A276FE800BF29EA /* Project object */;
			proxyType = 1;
			remoteGlobalIDString = FEB1FF8A1A276FE800BF29EA;
			remoteInfo = WebSocketTest;
		};
/* End PBXContainerItemProxy section */

/* Begin PBXFileReference section */
		FEB1FF8B1A276FE800BF29EA /* WebSocketTest.app */ = {isa = PBXFileReference; explicitFileType = wrapper.application; includeInIndex = 0; path = WebSocketTest.app; sourceTree = BUILT_PRODUCTS_DIR; };
		FEB1FF8F1A276FE800BF29EA /* Info.plist */ = {isa = PBXFileReference; lastKnownFileType = text.plist.xml; path = Info.plist; sourceTree = "<group>"; };
		FEB1FF901A276FE800BF29EA /* main.m */ = {isa = PBXFileReference; lastKnownFileType = sourcecode.c.objc; path = main.m; sourceTree = "<group>"; };
		FEB1FF921A276FE800BF29EA /* AppDelegate.h */ = {isa = PBXFileReference; lastKnownFileType = sourcecode.c.h; path = AppDelegate.h; sourceTree = "<group>"; };
		FEB1FF931A276FE800BF29EA /* AppDelegate.m */ = {isa = PBXFileReference; lastKnownFileType = sourcecode.c.objc; path = AppDelegate.m; sourceTree = "<group>"; };
		FEB1FF961A276FE800BF29EA /* WebSocketTest.xcdatamodel */ = {isa = PBXFileReference; lastKnownFileType = wrapper.xcdatamodel; path = WebSocketTest.xcdatamodel; sourceTree = "<group>"; };
		FEB1FF981A276FE800BF29EA /* ViewController.h */ = {isa = PBXFileReference; lastKnownFileType = sourcecode.c.h; path = ViewController.h; sourceTree = "<group>"; };
		FEB1FF991A276FE800BF29EA /* ViewController.m */ = {isa = PBXFileReference; lastKnownFileType = sourcecode.c.objc; path = ViewController.m; sourceTree = "<group>"; };
		FEB1FF9C1A276FE800BF29EA /* Base */ = {isa = PBXFileReference; lastKnownFileType = file.storyboard; name = Base; path = Base.lproj/Main.storyboard; sourceTree = "<group>"; };
		FEB1FF9E1A276FE800BF29EA /* Images.xcassets */ = {isa = PBXFileReference; lastKnownFileType = folder.assetcatalog; path = Images.xcassets; sourceTree = "<group>"; };
		FEB1FFA11A276FE800BF29EA /* Base */ = {isa = PBXFileReference; lastKnownFileType = file.xib; name = Base; path = Base.lproj/LaunchScreen.xib; sourceTree = "<group>"; };
		FEB1FFA71A276FE900BF29EA /* WebSocketTestTests.xctest */ = {isa = PBXFileReference; explicitFileType = wrapper.cfbundle; includeInIndex = 0; path = WebSocketTestTests.xctest; sourceTree = BUILT_PRODUCTS_DIR; };
		FEB1FFAC1A276FE900BF29EA /* Info.plist */ = {isa = PBXFileReference; lastKnownFileType = text.plist.xml; path = Info.plist; sourceTree = "<group>"; };
		FEB1FFAD1A276FE900BF29EA /* WebSocketTestTests.m */ = {isa = PBXFileReference; lastKnownFileType = sourcecode.c.objc; path = WebSocketTestTests.m; sourceTree = "<group>"; };
		FEB1FFB71A276FF900BF29EA /* CFNetwork.framework */ = {isa = PBXFileReference; lastKnownFileType = wrapper.framework; name = CFNetwork.framework; path = System/Library/Frameworks/CFNetwork.framework; sourceTree = SDKROOT; };
		FEB1FFBA1A2770A300BF29EA /* KGWebSocket.framework */ = {isa = PBXFileReference; lastKnownFileType = wrapper.framework; name = KGWebSocket.framework; path = usr/KGWebSocket.framework; sourceTree = "<group>"; };
		FEB1FFBC1A2773E400BF29EA /* DataManager.h */ = {isa = PBXFileReference; fileEncoding = 4; lastKnownFileType = sourcecode.c.h; path = DataManager.h; sourceTree = "<group>"; };
		FEB1FFBD1A2773E400BF29EA /* DataManager.m */ = {isa = PBXFileReference; fileEncoding = 4; lastKnownFileType = sourcecode.c.objc; path = DataManager.m; sourceTree = "<group>"; };
		FEB1FFBF1A27753C00BF29EA /* Packet.h */ = {isa = PBXFileReference; fileEncoding = 4; lastKnownFileType = sourcecode.c.h; name = Packet.h; path = Model/Packet.h; sourceTree = "<group>"; };
		FEB1FFC01A27753C00BF29EA /* Packet.m */ = {isa = PBXFileReference; fileEncoding = 4; lastKnownFileType = sourcecode.c.objc; name = Packet.m; path = Model/Packet.m; sourceTree = "<group>"; };
		FEB1FFC31A277CC100BF29EA /* TableViewController.h */ = {isa = PBXFileReference; fileEncoding = 4; lastKnownFileType = sourcecode.c.h; path = TableViewController.h; sourceTree = "<group>"; };
		FEB1FFC41A277CC100BF29EA /* TableViewController.m */ = {isa = PBXFileReference; fileEncoding = 4; lastKnownFileType = sourcecode.c.objc; path = TableViewController.m; sourceTree = "<group>"; };
		FEB1FFC61A27947D00BF29EA /* TextViewController.h */ = {isa = PBXFileReference; fileEncoding = 4; lastKnownFileType = sourcecode.c.h; path = TextViewController.h; sourceTree = "<group>"; };
		FEB1FFC71A27947D00BF29EA /* TextViewController.m */ = {isa = PBXFileReference; fileEncoding = 4; lastKnownFileType = sourcecode.c.objc; path = TextViewController.m; sourceTree = "<group>"; };
/* End PBXFileReference section */

/* Begin PBXFrameworksBuildPhase section */
		FEB1FF881A276FE800BF29EA /* Frameworks */ = {
			isa = PBXFrameworksBuildPhase;
			buildActionMask = 2147483647;
			files = (
				FEB1FFBB1A2770A300BF29EA /* KGWebSocket.framework in Frameworks */,
				FEB1FFB81A276FF900BF29EA /* CFNetwork.framework in Frameworks */,
			);
			runOnlyForDeploymentPostprocessing = 0;
		};
		FEB1FFA41A276FE900BF29EA /* Frameworks */ = {
			isa = PBXFrameworksBuildPhase;
			buildActionMask = 2147483647;
			files = (
			);
			runOnlyForDeploymentPostprocessing = 0;
		};
/* End PBXFrameworksBuildPhase section */

/* Begin PBXGroup section */
		FEB1FF821A276FE800BF29EA = {
			isa = PBXGroup;
			children = (
				FEB1FF8D1A276FE800BF29EA /* WebSocketTest */,
				FEB1FFAA1A276FE900BF29EA /* WebSocketTestTests */,
				FEB1FFB91A27700100BF29EA /* Frameworks */,
				FEB1FF8C1A276FE800BF29EA /* Products */,
			);
			sourceTree = "<group>";
		};
		FEB1FF8C1A276FE800BF29EA /* Products */ = {
			isa = PBXGroup;
			children = (
				FEB1FF8B1A276FE800BF29EA /* WebSocketTest.app */,
				FEB1FFA71A276FE900BF29EA /* WebSocketTestTests.xctest */,
			);
			name = Products;
			sourceTree = "<group>";
		};
		FEB1FF8D1A276FE800BF29EA /* WebSocketTest */ = {
			isa = PBXGroup;
			children = (
				FEB1FFC21A27754300BF29EA /* Model */,
				FEB1FF981A276FE800BF29EA /* ViewController.h */,
				FEB1FF991A276FE800BF29EA /* ViewController.m */,
				FEB1FFC31A277CC100BF29EA /* TableViewController.h */,
				FEB1FFC41A277CC100BF29EA /* TableViewController.m */,
				FEB1FFC61A27947D00BF29EA /* TextViewController.h */,
				FEB1FFC71A27947D00BF29EA /* TextViewController.m */,
				FEB1FF9B1A276FE800BF29EA /* Main.storyboard */,
				FEB1FF9E1A276FE800BF29EA /* Images.xcassets */,
				FEB1FFA01A276FE800BF29EA /* LaunchScreen.xib */,
				FEB1FF951A276FE800BF29EA /* WebSocketTest.xcdatamodeld */,
				FEB1FFBC1A2773E400BF29EA /* DataManager.h */,
				FEB1FFBD1A2773E400BF29EA /* DataManager.m */,
				FEB1FF8E1A276FE800BF29EA /* Supporting Files */,
			);
			path = WebSocketTest;
			sourceTree = "<group>";
		};
		FEB1FF8E1A276FE800BF29EA /* Supporting Files */ = {
			isa = PBXGroup;
			children = (
				FEB1FF921A276FE800BF29EA /* AppDelegate.h */,
				FEB1FF931A276FE800BF29EA /* AppDelegate.m */,
				FEB1FF8F1A276FE800BF29EA /* Info.plist */,
				FEB1FF901A276FE800BF29EA /* main.m */,
			);
			name = "Supporting Files";
			sourceTree = "<group>";
		};
		FEB1FFAA1A276FE900BF29EA /* WebSocketTestTests */ = {
			isa = PBXGroup;
			children = (
				FEB1FFAD1A276FE900BF29EA /* WebSocketTestTests.m */,
				FEB1FFAB1A276FE900BF29EA /* Supporting Files */,
			);
			path = WebSocketTestTests;
			sourceTree = "<group>";
		};
		FEB1FFAB1A276FE900BF29EA /* Supporting Files */ = {
			isa = PBXGroup;
			children = (
				FEB1FFAC1A276FE900BF29EA /* Info.plist */,
			);
			name = "Supporting Files";
			sourceTree = "<group>";
		};
		FEB1FFB91A27700100BF29EA /* Frameworks */ = {
			isa = PBXGroup;
			children = (
				FEB1FFBA1A2770A300BF29EA /* KGWebSocket.framework */,
				FEB1FFB71A276FF900BF29EA /* CFNetwork.framework */,
			);
			name = Frameworks;
			sourceTree = "<group>";
		};
		FEB1FFC21A27754300BF29EA /* Model */ = {
			isa = PBXGroup;
			children = (
				FEB1FFBF1A27753C00BF29EA /* Packet.h */,
				FEB1FFC01A27753C00BF29EA /* Packet.m */,
			);
			name = Model;
			sourceTree = "<group>";
		};
/* End PBXGroup section */

/* Begin PBXNativeTarget section */
		FEB1FF8A1A276FE800BF29EA /* WebSocketTest */ = {
			isa = PBXNativeTarget;
			buildConfigurationList = FEB1FFB11A276FE900BF29EA /* Build configuration list for PBXNativeTarget "WebSocketTest" */;
			buildPhases = (
				FEB1FF871A276FE800BF29EA /* Sources */,
				FEB1FF881A276FE800BF29EA /* Frameworks */,
				FEB1FF891A276FE800BF29EA /* Resources */,
			);
			buildRules = (
			);
			dependencies = (
			);
			name = WebSocketTest;
			productName = WebSocketTest;
			productReference = FEB1FF8B1A276FE800BF29EA /* WebSocketTest.app */;
			productType = "com.apple.product-type.application";
		};
		FEB1FFA61A276FE900BF29EA /* WebSocketTestTests */ = {
			isa = PBXNativeTarget;
			buildConfigurationList = FEB1FFB41A276FE900BF29EA /* Build configuration list for PBXNativeTarget "WebSocketTestTests" */;
			buildPhases = (
				FEB1FFA31A276FE900BF29EA /* Sources */,
				FEB1FFA41A276FE900BF29EA /* Frameworks */,
				FEB1FFA51A276FE900BF29EA /* Resources */,
			);
			buildRules = (
			);
			dependencies = (
				FEB1FFA91A276FE900BF29EA /* PBXTargetDependency */,
			);
			name = WebSocketTestTests;
			productName = WebSocketTestTests;
			productReference = FEB1FFA71A276FE900BF29EA /* WebSocketTestTests.xctest */;
			productType = "com.apple.product-type.bundle.unit-test";
		};
/* End PBXNativeTarget section */

/* Begin PBXProject section */
		FEB1FF831A276FE800BF29EA /* Project object */ = {
			isa = PBXProject;
			attributes = {
				LastUpgradeCheck = 0610;
				ORGANIZATIONNAME = "Vitaliy Delidov";
				TargetAttributes = {
					FEB1FF8A1A276FE800BF29EA = {
						CreatedOnToolsVersion = 6.1;
					};
					FEB1FFA61A276FE900BF29EA = {
						CreatedOnToolsVersion = 6.1;
						TestTargetID = FEB1FF8A1A276FE800BF29EA;
					};
				};
			};
			buildConfigurationList = FEB1FF861A276FE800BF29EA /* Build configuration list for PBXProject "WebSocketTest" */;
			compatibilityVersion = "Xcode 3.2";
			developmentRegion = English;
			hasScannedForEncodings = 0;
			knownRegions = (
				en,
				Base,
			);
			mainGroup = FEB1FF821A276FE800BF29EA;
			productRefGroup = FEB1FF8C1A276FE800BF29EA /* Products */;
			projectDirPath = "";
			projectRoot = "";
			targets = (
				FEB1FF8A1A276FE800BF29EA /* WebSocketTest */,
				FEB1FFA61A276FE900BF29EA /* WebSocketTestTests */,
			);
		};
/* End PBXProject section */

/* Begin PBXResourcesBuildPhase section */
		FEB1FF891A276FE800BF29EA /* Resources */ = {
			isa = PBXResourcesBuildPhase;
			buildActionMask = 2147483647;
			files = (
				FEB1FF9D1A276FE800BF29EA /* Main.storyboard in Resources */,
				FEB1FFA21A276FE800BF29EA /* LaunchScreen.xib in Resources */,
				FEB1FF9F1A276FE800BF29EA /* Images.xcassets in Resources */,
			);
			runOnlyForDeploymentPostprocessing = 0;
		};
		FEB1FFA51A276FE900BF29EA /* Resources */ = {
			isa = PBXResourcesBuildPhase;
			buildActionMask = 2147483647;
			files = (
			);
			runOnlyForDeploymentPostprocessing = 0;
		};
/* End PBXResourcesBuildPhase section */

/* Begin PBXSourcesBuildPhase section */
		FEB1FF871A276FE800BF29EA /* Sources */ = {
			isa = PBXSourcesBuildPhase;
			buildActionMask = 2147483647;
			files = (
				FEB1FF941A276FE800BF29EA /* AppDelegate.m in Sources */,
				FEB1FFBE1A2773E400BF29EA /* DataManager.m in Sources */,
				FEB1FF911A276FE800BF29EA /* main.m in Sources */,
				FEB1FFC81A27947D00BF29EA /* TextViewController.m in Sources */,
				FEB1FF9A1A276FE800BF29EA /* ViewController.m in Sources */,
				FEB1FF971A276FE800BF29EA /* WebSocketTest.xcdatamodeld in Sources */,
				FEB1FFC51A277CC100BF29EA /* TableViewController.m in Sources */,
				FEB1FFC11A27753C00BF29EA /* Packet.m in Sources */,
			);
			runOnlyForDeploymentPostprocessing = 0;
		};
		FEB1FFA31A276FE900BF29EA /* Sources */ = {
			isa = PBXSourcesBuildPhase;
			buildActionMask = 2147483647;
			files = (
				FEB1FFAE1A276FE900BF29EA /* WebSocketTestTests.m in Sources */,
			);
			runOnlyForDeploymentPostprocessing = 0;
		};
/* End PBXSourcesBuildPhase section */

/* Begin PBXTargetDependency section */
		FEB1FFA91A276FE900BF29EA /* PBXTargetDependency */ = {
			isa = PBXTargetDependency;
			target = FEB1FF8A1A276FE800BF29EA /* WebSocketTest */;
			targetProxy = FEB1FFA81A276FE900BF29EA /* PBXContainerItemProxy */;
		};
/* End PBXTargetDependency section */

/* Begin PBXVariantGroup section */
		FEB1FF9B1A276FE800BF29EA /* Main.storyboard */ = {
			isa = PBXVariantGroup;
			children = (
				FEB1FF9C1A276FE800BF29EA /* Base */,
			);
			name = Main.storyboard;
			sourceTree = "<group>";
		};
		FEB1FFA01A276FE800BF29EA /* LaunchScreen.xib */ = {
			isa = PBXVariantGroup;
			children = (
				FEB1FFA11A276FE800BF29EA /* Base */,
			);
			name = LaunchScreen.xib;
			sourceTree = "<group>";
		};
/* End PBXVariantGroup section */

/* Begin XCBuildConfiguration section */
		FEB1FFAF1A276FE900BF29EA /* Debug */ = {
			isa = XCBuildConfiguration;
			buildSettings = {
				ALWAYS_SEARCH_USER_PATHS = NO;
				CLANG_CXX_LANGUAGE_STANDARD = "gnu++0x";
				CLANG_CXX_LIBRARY = "libc++";
				CLANG_ENABLE_MODULES = YES;
				CLANG_ENABLE_OBJC_ARC = NO;
				CLANG_WARN_BOOL_CONVERSION = YES;
				CLANG_WARN_CONSTANT_CONVERSION = YES;
				CLANG_WARN_DIRECT_OBJC_ISA_USAGE = YES_ERROR;
				CLANG_WARN_EMPTY_BODY = YES;
				CLANG_WARN_ENUM_CONVERSION = YES;
				CLANG_WARN_INT_CONVERSION = YES;
				CLANG_WARN_OBJC_ROOT_CLASS = YES_ERROR;
				CLANG_WARN_UNREACHABLE_CODE = YES;
				CLANG_WARN__DUPLICATE_METHOD_MATCH = YES;
				"CODE_SIGN_IDENTITY[sdk=iphoneos*]" = "iPhone Developer";
				COPY_PHASE_STRIP = NO;
				ENABLE_STRICT_OBJC_MSGSEND = YES;
				GCC_C_LANGUAGE_STANDARD = gnu99;
				GCC_DYNAMIC_NO_PIC = NO;
				GCC_OPTIMIZATION_LEVEL = 0;
				GCC_PREPROCESSOR_DEFINITIONS = (
					"DEBUG=1",
					"$(inherited)",
				);
				GCC_SYMBOLS_PRIVATE_EXTERN = NO;
				GCC_WARN_64_TO_32_BIT_CONVERSION = YES;
				GCC_WARN_ABOUT_RETURN_TYPE = YES_ERROR;
				GCC_WARN_UNDECLARED_SELECTOR = YES;
				GCC_WARN_UNINITIALIZED_AUTOS = YES_AGGRESSIVE;
				GCC_WARN_UNUSED_FUNCTION = YES;
				GCC_WARN_UNUSED_VARIABLE = YES;
				IPHONEOS_DEPLOYMENT_TARGET = 6.0;
				MTL_ENABLE_DEBUG_INFO = YES;
				ONLY_ACTIVE_ARCH = NO;
				OTHER_LDFLAGS = "-ObjC";
				SDKROOT = iphoneos;
				TARGETED_DEVICE_FAMILY = "1,2";
				VALID_ARCHS = "armv7 i386";
			};
			name = Debug;
		};
		FEB1FFB01A276FE900BF29EA /* Release */ = {
			isa = XCBuildConfiguration;
			buildSettings = {
				ALWAYS_SEARCH_USER_PATHS = NO;
				CLANG_CXX_LANGUAGE_STANDARD = "gnu++0x";
				CLANG_CXX_LIBRARY = "libc++";
				CLANG_ENABLE_MODULES = YES;
				CLANG_ENABLE_OBJC_ARC = NO;
				CLANG_WARN_BOOL_CONVERSION = YES;
				CLANG_WARN_CONSTANT_CONVERSION = YES;
				CLANG_WARN_DIRECT_OBJC_ISA_USAGE = YES_ERROR;
				CLANG_WARN_EMPTY_BODY = YES;
				CLANG_WARN_ENUM_CONVERSION = YES;
				CLANG_WARN_INT_CONVERSION = YES;
				CLANG_WARN_OBJC_ROOT_CLASS = YES_ERROR;
				CLANG_WARN_UNREACHABLE_CODE = YES;
				CLANG_WARN__DUPLICATE_METHOD_MATCH = YES;
				"CODE_SIGN_IDENTITY[sdk=iphoneos*]" = "iPhone Developer";
				COPY_PHASE_STRIP = YES;
				ENABLE_NS_ASSERTIONS = NO;
				ENABLE_STRICT_OBJC_MSGSEND = YES;
				GCC_C_LANGUAGE_STANDARD = gnu99;
				GCC_WARN_64_TO_32_BIT_CONVERSION = YES;
				GCC_WARN_ABOUT_RETURN_TYPE = YES_ERROR;
				GCC_WARN_UNDECLARED_SELECTOR = YES;
				GCC_WARN_UNINITIALIZED_AUTOS = YES_AGGRESSIVE;
				GCC_WARN_UNUSED_FUNCTION = YES;
				GCC_WARN_UNUSED_VARIABLE = YES;
				IPHONEOS_DEPLOYMENT_TARGET = 6.0;
				MTL_ENABLE_DEBUG_INFO = NO;
				ONLY_ACTIVE_ARCH = NO;
				OTHER_LDFLAGS = "-ObjC";
				SDKROOT = iphoneos;
				TARGETED_DEVICE_FAMILY = "1,2";
				VALIDATE_PRODUCT = YES;
				VALID_ARCHS = "armv7 i386";
			};
			name = Release;
		};
		FEB1FFB21A276FE900BF29EA /* Debug */ = {
			isa = XCBuildConfiguration;
			buildSettings = {
				ASSETCATALOG_COMPILER_APPICON_NAME = AppIcon;
				ASSETCATALOG_COMPILER_LAUNCHIMAGE_NAME = LaunchImage;
				FRAMEWORK_SEARCH_PATHS = (
					"$(inherited)",
					"$(PROJECT_DIR)/usr",
				);
				INFOPLIST_FILE = WebSocketTest/Info.plist;
				LD_RUNPATH_SEARCH_PATHS = "$(inherited) @executable_path/Frameworks";
				PRODUCT_NAME = "$(TARGET_NAME)";
			};
			name = Debug;
		};
		FEB1FFB31A276FE900BF29EA /* Release */ = {
			isa = XCBuildConfiguration;
			buildSettings = {
				ASSETCATALOG_COMPILER_APPICON_NAME = AppIcon;
				ASSETCATALOG_COMPILER_LAUNCHIMAGE_NAME = LaunchImage;
				FRAMEWORK_SEARCH_PATHS = (
					"$(inherited)",
					"$(PROJECT_DIR)/usr",
				);
				INFOPLIST_FILE = WebSocketTest/Info.plist;
				LD_RUNPATH_SEARCH_PATHS = "$(inherited) @executable_path/Frameworks";
				PRODUCT_NAME = "$(TARGET_NAME)";
			};
			name = Release;
		};
		FEB1FFB51A276FE900BF29EA /* Debug */ = {
			isa = XCBuildConfiguration;
			buildSettings = {
				BUNDLE_LOADER = "$(TEST_HOST)";
				FRAMEWORK_SEARCH_PATHS = (
					"$(SDKROOT)/Developer/Library/Frameworks",
					"$(inherited)",
				);
				GCC_PREPROCESSOR_DEFINITIONS = (
					"DEBUG=1",
					"$(inherited)",
				);
				INFOPLIST_FILE = WebSocketTestTests/Info.plist;
				LD_RUNPATH_SEARCH_PATHS = "$(inherited) @executable_path/Frameworks @loader_path/Frameworks";
				PRODUCT_NAME = "$(TARGET_NAME)";
				TEST_HOST = "$(BUILT_PRODUCTS_DIR)/WebSocketTest.app/WebSocketTest";
			};
			name = Debug;
		};
		FEB1FFB61A276FE900BF29EA /* Release */ = {
			isa = XCBuildConfiguration;
			buildSettings = {
				BUNDLE_LOADER = "$(TEST_HOST)";
				FRAMEWORK_SEARCH_PATHS = (
					"$(SDKROOT)/Developer/Library/Frameworks",
					"$(inherited)",
				);
				INFOPLIST_FILE = WebSocketTestTests/Info.plist;
				LD_RUNPATH_SEARCH_PATHS = "$(inherited) @executable_path/Frameworks @loader_path/Frameworks";
				PRODUCT_NAME = "$(TARGET_NAME)";
				TEST_HOST = "$(BUILT_PRODUCTS_DIR)/WebSocketTest.app/WebSocketTest";
			};
			name = Release;
		};
/* End XCBuildConfiguration section */

/* Begin XCConfigurationList section */
		FEB1FF861A276FE800BF29EA /* Build configuration list for PBXProject "WebSocketTest" */ = {
			isa = XCConfigurationList;
			buildConfigurations = (
				FEB1FFAF1A276FE900BF29EA /* Debug */,
				FEB1FFB01A276FE900BF29EA /* Release */,
			);
			defaultConfigurationIsVisible = 0;
			defaultConfigurationName = Release;
		};
		FEB1FFB11A276FE900BF29EA /* Build configuration list for PBXNativeTarget "WebSocketTest" */ = {
			isa = XCConfigurationList;
			buildConfigurations = (
				FEB1FFB21A276FE900BF29EA /* Debug */,
				FEB1FFB31A276FE900BF29EA /* Release */,
			);
			defaultConfigurationIsVisible = 0;
			defaultConfigurationName = Release;
		};
		FEB1FFB41A276FE900BF29EA /* Build configuration list for PBXNativeTarget "WebSocketTestTests" */ = {
			isa = XCConfigurationList;
			buildConfigurations = (
				FEB1FFB51A276FE900BF29EA /* Debug */,
				FEB1FFB61A276FE900BF29EA /* Release */,
			);
			defaultConfigurationIsVisible = 0;
			defaultConfigurationName = Release;
		};
/* End XCConfigurationList section */

/* Begin XCVersionGroup section */
		FEB1FF951A276FE800BF29EA /* WebSocketTest.xcdatamodeld */ = {
			isa = XCVersionGroup;
			children = (
				FEB1FF961A276FE800BF29EA /* WebSocketTest.xcdatamodel */,
			);
			currentVersion = FEB1FF961A276FE800BF29EA /* WebSocketTest.xcdatamodel */;
			path = WebSocketTest.xcdatamodeld;
			sourceTree = "<group>";
			versionGroupType = wrapper.xcdatamodel;
		};
/* End XCVersionGroup section */
	};
	rootObject = FEB1FF831A276FE800BF29EA /* Project object */;
}
